
Microsoft Visual Studio Solution File, Format Version 12.00
# Visual Studio Version 17
VisualStudioVersion = 17.0.31903.59
MinimumVisualStudioVersion = 10.0.40219.1
Project("{2150E333-8FDC-42A3-9474-1A3956D46DE8}") = "src", "src", "{FABAEB37-4A01-4392-ABA9-EB3CA1F6CFFB}"
EndProject
Project("{2150E333-8FDC-42A3-9474-1A3956D46DE8}") = "tests", "tests", "{311346B9-1F71-4B47-8D9B-1F5315C51AC6}"
EndProject
Project("{2150E333-8FDC-42A3-9474-1A3956D46DE8}") = "1 - Presentation", "1 - Presentation", "{6633092A-96D7-4E10-B446-19C330E66D71}"
EndProject
Project("{2150E333-8FDC-42A3-9474-1A3956D46DE8}") = "2 - Application", "2 - Application", "{47802B02-1F89-46EC-8F2D-AC0DF2380BEC}"
EndProject
Project("{2150E333-8FDC-42A3-9474-1A3956D46DE8}") = "3 - Domain", "3 - Domain", "{4D7159BB-0138-4B1B-9AFC-D1919E31E5D0}"
EndProject
Project("{2150E333-8FDC-42A3-9474-1A3956D46DE8}") = "4 - Infrastructure", "4 - Infrastructure", "{C77EC48D-668A-4DB6-9233-4B51165F1A28}"
EndProject
Project("{9A19103F-16F7-4668-BE54-9A1E7A4F7556}") = "Backend.Presentation.API", "src\Backend.Presentation.API\Backend.Presentation.API.csproj", "{D59A105E-AB39-40DD-A1CF-F4006325832B}"
EndProject
Project("{2150E333-8FDC-42A3-9474-1A3956D46DE8}") = "Solution Items", "Solution Items", "{5F70FEAC-C4D8-460F-9B5F-B8EEEB12FCDE}"
	ProjectSection(SolutionItems) = preProject
		docker-compose.yml = docker-compose.yml
	EndProjectSection
EndProject
Project("{9A19103F-16F7-4668-BE54-9A1E7A4F7556}") = "Backend.Infrastructure", "src\Backend.Infrastructure\Backend.Infrastructure.csproj", "{7AE12190-1A2B-4CD6-A6DB-E40E5B8B85EC}"
EndProject
Project("{9A19103F-16F7-4668-BE54-9A1E7A4F7556}") = "Backend.Application", "src\Backend.Application\Backend.Application.csproj", "{3323D205-65BE-46B2-AD59-C7B1FD6AF6F1}"
EndProject
Project("{9A19103F-16F7-4668-BE54-9A1E7A4F7556}") = "Backend.Domain", "src\Backend.Domain\Backend.Domain.csproj", "{5544B218-412F-4E4B-AB9E-8B44239C707A}"
EndProject
Project("{9A19103F-16F7-4668-BE54-9A1E7A4F7556}") = "Backend.MessageProcessor", "src\Backend.MessageProcessor\Backend.MessageProcessor.csproj", "{3B2063F8-0FF7-46FF-BD17-9C6C063A1078}"
EndProject
Project("{9A19103F-16F7-4668-BE54-9A1E7A4F7556}") = "Backend.Tests", "tests\Backend.Tests\Backend.Tests.csproj", "{B62D6994-789C-45CF-99CD-000F11D8F477}"
EndProject
Project("{9A19103F-16F7-4668-BE54-9A1E7A4F7556}") = "Backend.Communication.Base", "src\Backend.Communication.Base\Backend.Communication.Base.csproj", "{4B9B6FBC-B58B-415B-9A90-8833BFE1191C}"
EndProject
Project("{2150E333-8FDC-42A3-9474-1A3956D46DE8}") = "5 - Shared", "5 - Shared", "{166D4F64-163B-4059-B80B-0547A4D6CAFF}"
EndProject
Project("{9A19103F-16F7-4668-BE54-9A1E7A4F7556}") = "Backend.Shared", "src\Backend.Shared\Backend.Shared.csproj", "{8ABE50E9-576A-4BDC-9EC1-CCE3BDC8ED78}"
EndProject
Project("{FAE04EC0-301F-11D3-BF4B-00C04F79EFBC}") = "Backend.Worker.BaseSync", "src\Backend.Worker.BaseSync\Backend.Worker.BaseSync.csproj", "{C7FBAF50-05E0-4E77-AB84-5E2A1913F378}"
EndProject
Project("{FAE04EC0-301F-11D3-BF4B-00C04F79EFBC}") = "Backend.Infrastructure.Mongo", "src\Backend.Infrastructure.Mongo\Backend.Infrastructure.Mongo.csproj", "{1059568F-731F-461E-8C9E-DE2FF5DA710D}"
EndProject
Global
	GlobalSection(SolutionConfigurationPlatforms) = preSolution
		Debug|Any CPU = Debug|Any CPU
		Debug|x64 = Debug|x64
		Release|Any CPU = Release|Any CPU
		Release|x64 = Release|x64
	EndGlobalSection
	GlobalSection(ProjectConfigurationPlatforms) = postSolution
		{D59A105E-AB39-40DD-A1CF-F4006325832B}.Debug|Any CPU.ActiveCfg = Debug|Any CPU
		{D59A105E-AB39-40DD-A1CF-F4006325832B}.Debug|Any CPU.Build.0 = Debug|Any CPU
		{D59A105E-AB39-40DD-A1CF-F4006325832B}.Debug|x64.ActiveCfg = Debug|Any CPU
		{D59A105E-AB39-40DD-A1CF-F4006325832B}.Debug|x64.Build.0 = Debug|Any CPU
		{D59A105E-AB39-40DD-A1CF-F4006325832B}.Release|Any CPU.ActiveCfg = Release|Any CPU
		{D59A105E-AB39-40DD-A1CF-F4006325832B}.Release|Any CPU.Build.0 = Release|Any CPU
		{D59A105E-AB39-40DD-A1CF-F4006325832B}.Release|x64.ActiveCfg = Release|Any CPU
		{D59A105E-AB39-40DD-A1CF-F4006325832B}.Release|x64.Build.0 = Release|Any CPU
		{7AE12190-1A2B-4CD6-A6DB-E40E5B8B85EC}.Debug|Any CPU.ActiveCfg = Debug|Any CPU
		{7AE12190-1A2B-4CD6-A6DB-E40E5B8B85EC}.Debug|Any CPU.Build.0 = Debug|Any CPU
		{7AE12190-1A2B-4CD6-A6DB-E40E5B8B85EC}.Debug|x64.ActiveCfg = Debug|Any CPU
		{7AE12190-1A2B-4CD6-A6DB-E40E5B8B85EC}.Debug|x64.Build.0 = Debug|Any CPU
		{7AE12190-1A2B-4CD6-A6DB-E40E5B8B85EC}.Release|Any CPU.ActiveCfg = Release|Any CPU
		{7AE12190-1A2B-4CD6-A6DB-E40E5B8B85EC}.Release|Any CPU.Build.0 = Release|Any CPU
		{7AE12190-1A2B-4CD6-A6DB-E40E5B8B85EC}.Release|x64.ActiveCfg = Release|Any CPU
		{7AE12190-1A2B-4CD6-A6DB-E40E5B8B85EC}.Release|x64.Build.0 = Release|Any CPU
		{3323D205-65BE-46B2-AD59-C7B1FD6AF6F1}.Debug|Any CPU.ActiveCfg = Debug|Any CPU
		{3323D205-65BE-46B2-AD59-C7B1FD6AF6F1}.Debug|Any CPU.Build.0 = Debug|Any CPU
		{3323D205-65BE-46B2-AD59-C7B1FD6AF6F1}.Debug|x64.ActiveCfg = Debug|Any CPU
		{3323D205-65BE-46B2-AD59-C7B1FD6AF6F1}.Debug|x64.Build.0 = Debug|Any CPU
		{3323D205-65BE-46B2-AD59-C7B1FD6AF6F1}.Release|Any CPU.ActiveCfg = Release|Any CPU
		{3323D205-65BE-46B2-AD59-C7B1FD6AF6F1}.Release|Any CPU.Build.0 = Release|Any CPU
		{3323D205-65BE-46B2-AD59-C7B1FD6AF6F1}.Release|x64.ActiveCfg = Release|Any CPU
		{3323D205-65BE-46B2-AD59-C7B1FD6AF6F1}.Release|x64.Build.0 = Release|Any CPU
		{5544B218-412F-4E4B-AB9E-8B44239C707A}.Debug|Any CPU.ActiveCfg = Debug|Any CPU
		{5544B218-412F-4E4B-AB9E-8B44239C707A}.Debug|Any CPU.Build.0 = Debug|Any CPU
		{5544B218-412F-4E4B-AB9E-8B44239C707A}.Debug|x64.ActiveCfg = Debug|Any CPU
		{5544B218-412F-4E4B-AB9E-8B44239C707A}.Debug|x64.Build.0 = Debug|Any CPU
		{5544B218-412F-4E4B-AB9E-8B44239C707A}.Release|Any CPU.ActiveCfg = Release|Any CPU
		{5544B218-412F-4E4B-AB9E-8B44239C707A}.Release|Any CPU.Build.0 = Release|Any CPU
		{5544B218-412F-4E4B-AB9E-8B44239C707A}.Release|x64.ActiveCfg = Release|Any CPU
		{5544B218-412F-4E4B-AB9E-8B44239C707A}.Release|x64.Build.0 = Release|Any CPU
		{3B2063F8-0FF7-46FF-BD17-9C6C063A1078}.Debug|Any CPU.ActiveCfg = Debug|Any CPU
		{3B2063F8-0FF7-46FF-BD17-9C6C063A1078}.Debug|Any CPU.Build.0 = Debug|Any CPU
		{3B2063F8-0FF7-46FF-BD17-9C6C063A1078}.Debug|x64.ActiveCfg = Debug|Any CPU
		{3B2063F8-0FF7-46FF-BD17-9C6C063A1078}.Debug|x64.Build.0 = Debug|Any CPU
		{3B2063F8-0FF7-46FF-BD17-9C6C063A1078}.Release|Any CPU.ActiveCfg = Release|Any CPU
		{3B2063F8-0FF7-46FF-BD17-9C6C063A1078}.Release|Any CPU.Build.0 = Release|Any CPU
		{3B2063F8-0FF7-46FF-BD17-9C6C063A1078}.Release|x64.ActiveCfg = Release|Any CPU
		{3B2063F8-0FF7-46FF-BD17-9C6C063A1078}.Release|x64.Build.0 = Release|Any CPU
		{B62D6994-789C-45CF-99CD-000F11D8F477}.Debug|Any CPU.ActiveCfg = Debug|Any CPU
		{B62D6994-789C-45CF-99CD-000F11D8F477}.Debug|Any CPU.Build.0 = Debug|Any CPU
		{B62D6994-789C-45CF-99CD-000F11D8F477}.Debug|x64.ActiveCfg = Debug|Any CPU
		{B62D6994-789C-45CF-99CD-000F11D8F477}.Debug|x64.Build.0 = Debug|Any CPU
		{B62D6994-789C-45CF-99CD-000F11D8F477}.Release|Any CPU.ActiveCfg = Release|Any CPU
		{B62D6994-789C-45CF-99CD-000F11D8F477}.Release|Any CPU.Build.0 = Release|Any CPU
		{B62D6994-789C-45CF-99CD-000F11D8F477}.Release|x64.ActiveCfg = Release|Any CPU
		{B62D6994-789C-45CF-99CD-000F11D8F477}.Release|x64.Build.0 = Release|Any CPU
		{4B9B6FBC-B58B-415B-9A90-8833BFE1191C}.Debug|Any CPU.ActiveCfg = Debug|Any CPU
		{4B9B6FBC-B58B-415B-9A90-8833BFE1191C}.Debug|Any CPU.Build.0 = Debug|Any CPU
		{4B9B6FBC-B58B-415B-9A90-8833BFE1191C}.Debug|x64.ActiveCfg = Debug|Any CPU
		{4B9B6FBC-B58B-415B-9A90-8833BFE1191C}.Debug|x64.Build.0 = Debug|Any CPU
		{4B9B6FBC-B58B-415B-9A90-8833BFE1191C}.Release|Any CPU.ActiveCfg = Release|Any CPU
		{4B9B6FBC-B58B-415B-9A90-8833BFE1191C}.Release|Any CPU.Build.0 = Release|Any CPU
		{4B9B6FBC-B58B-415B-9A90-8833BFE1191C}.Release|x64.ActiveCfg = Release|Any CPU
		{4B9B6FBC-B58B-415B-9A90-8833BFE1191C}.Release|x64.Build.0 = Release|Any CPU
		{8ABE50E9-576A-4BDC-9EC1-CCE3BDC8ED78}.Debug|Any CPU.ActiveCfg = Debug|Any CPU
		{8ABE50E9-576A-4BDC-9EC1-CCE3BDC8ED78}.Debug|Any CPU.Build.0 = Debug|Any CPU
		{8ABE50E9-576A-4BDC-9EC1-CCE3BDC8ED78}.Debug|x64.ActiveCfg = Debug|Any CPU
		{8ABE50E9-576A-4BDC-9EC1-CCE3BDC8ED78}.Debug|x64.Build.0 = Debug|Any CPU
		{8ABE50E9-576A-4BDC-9EC1-CCE3BDC8ED78}.Release|Any CPU.ActiveCfg = Release|Any CPU
		{8ABE50E9-576A-4BDC-9EC1-CCE3BDC8ED78}.Release|Any CPU.Build.0 = Release|Any CPU
		{8ABE50E9-576A-4BDC-9EC1-CCE3BDC8ED78}.Release|x64.ActiveCfg = Release|Any CPU
		{8ABE50E9-576A-4BDC-9EC1-CCE3BDC8ED78}.Release|x64.Build.0 = Release|Any CPU
		{C7FBAF50-05E0-4E77-AB84-5E2A1913F378}.Debug|Any CPU.ActiveCfg = Debug|Any CPU
		{C7FBAF50-05E0-4E77-AB84-5E2A1913F378}.Debug|Any CPU.Build.0 = Debug|Any CPU
		{C7FBAF50-05E0-4E77-AB84-5E2A1913F378}.Debug|x64.ActiveCfg = Debug|Any CPU
		{C7FBAF50-05E0-4E77-AB84-5E2A1913F378}.Debug|x64.Build.0 = Debug|Any CPU
		{C7FBAF50-05E0-4E77-AB84-5E2A1913F378}.Release|Any CPU.ActiveCfg = Release|Any CPU
		{C7FBAF50-05E0-4E77-AB84-5E2A1913F378}.Release|Any CPU.Build.0 = Release|Any CPU
		{C7FBAF50-05E0-4E77-AB84-5E2A1913F378}.Release|x64.ActiveCfg = Release|Any CPU
		{C7FBAF50-05E0-4E77-AB84-5E2A1913F378}.Release|x64.Build.0 = Release|Any CPU
		{1059568F-731F-461E-8C9E-DE2FF5DA710D}.Debug|Any CPU.ActiveCfg = Debug|Any CPU
		{1059568F-731F-461E-8C9E-DE2FF5DA710D}.Debug|Any CPU.Build.0 = Debug|Any CPU
		{1059568F-731F-461E-8C9E-DE2FF5DA710D}.Debug|x64.ActiveCfg = Debug|Any CPU
		{1059568F-731F-461E-8C9E-DE2FF5DA710D}.Debug|x64.Build.0 = Debug|Any CPU
		{1059568F-731F-461E-8C9E-DE2FF5DA710D}.Release|Any CPU.ActiveCfg = Release|Any CPU
		{1059568F-731F-461E-8C9E-DE2FF5DA710D}.Release|Any CPU.Build.0 = Release|Any CPU
		{1059568F-731F-461E-8C9E-DE2FF5DA710D}.Release|x64.ActiveCfg = Release|Any CPU
		{1059568F-731F-461E-8C9E-DE2FF5DA710D}.Release|x64.Build.0 = Release|Any CPU
	EndGlobalSection
	GlobalSection(SolutionProperties) = preSolution
		HideSolutionNode = FALSE
	EndGlobalSection
	GlobalSection(NestedProjects) = preSolution
		{6633092A-96D7-4E10-B446-19C330E66D71} = {FABAEB37-4A01-4392-ABA9-EB3CA1F6CFFB}
		{47802B02-1F89-46EC-8F2D-AC0DF2380BEC} = {FABAEB37-4A01-4392-ABA9-EB3CA1F6CFFB}
		{4D7159BB-0138-4B1B-9AFC-D1919E31E5D0} = {FABAEB37-4A01-4392-ABA9-EB3CA1F6CFFB}
		{C77EC48D-668A-4DB6-9233-4B51165F1A28} = {FABAEB37-4A01-4392-ABA9-EB3CA1F6CFFB}
		{D59A105E-AB39-40DD-A1CF-F4006325832B} = {6633092A-96D7-4E10-B446-19C330E66D71}
		{7AE12190-1A2B-4CD6-A6DB-E40E5B8B85EC} = {C77EC48D-668A-4DB6-9233-4B51165F1A28}
		{3323D205-65BE-46B2-AD59-C7B1FD6AF6F1} = {47802B02-1F89-46EC-8F2D-AC0DF2380BEC}
		{5544B218-412F-4E4B-AB9E-8B44239C707A} = {4D7159BB-0138-4B1B-9AFC-D1919E31E5D0}
		{3B2063F8-0FF7-46FF-BD17-9C6C063A1078} = {6633092A-96D7-4E10-B446-19C330E66D71}
		{B62D6994-789C-45CF-99CD-000F11D8F477} = {311346B9-1F71-4B47-8D9B-1F5315C51AC6}
		{4B9B6FBC-B58B-415B-9A90-8833BFE1191C} = {166D4F64-163B-4059-B80B-0547A4D6CAFF}
		{166D4F64-163B-4059-B80B-0547A4D6CAFF} = {FABAEB37-4A01-4392-ABA9-EB3CA1F6CFFB}
		{8ABE50E9-576A-4BDC-9EC1-CCE3BDC8ED78} = {166D4F64-163B-4059-B80B-0547A4D6CAFF}
		{C7FBAF50-05E0-4E77-AB84-5E2A1913F378} = {6633092A-96D7-4E10-B446-19C330E66D71}
		{1059568F-731F-461E-8C9E-DE2FF5DA710D} = {C77EC48D-668A-4DB6-9233-4B51165F1A28}
	EndGlobalSection
	GlobalSection(ExtensibilityGlobals) = postSolution
		SolutionGuid = {2028C56E-63E3-4DA2-AD41-73D83165177A}
	EndGlobalSection
EndGlobal
